// !$*UTF8*$!
{
	archiveVersion = 1;
	classes = {
	};
	objectVersion = 46;
	objects = {

/* Begin PBXBuildFile section */
		0400AC8A262D7B9200FE59AB /* screen.cpp in Sources */ = {isa = PBXBuildFile; fileRef = 0400AC88262D770800FE59AB /* screen.cpp */; };
		04694F53263C218900EE9065 /* preprocess.cpp in Sources */ = {isa = PBXBuildFile; fileRef = 04694F52263C218900EE9065 /* preprocess.cpp */; };
		04E5B9FD2642D95C00BAE42D /* Assets.xcassets in Resources */ = {isa = PBXBuildFile; fileRef = 04E5B9FC2642D95C00BAE42D /* Assets.xcassets */; };
		04F384A9263BE66D002FBFF2 /* format.cpp in Sources */ = {isa = PBXBuildFile; fileRef = 04F384A8263BE66D002FBFF2 /* format.cpp */; };
		F84FE0631AF3B9DF00BF4992 /* AppDelegate.m in Sources */ = {isa = PBXBuildFile; fileRef = F84FE0621AF3B9DF00BF4992 /* AppDelegate.m */; };
		F84FE0651AF3B9DF00BF4992 /* main.m in Sources */ = {isa = PBXBuildFile; fileRef = F84FE0641AF3B9DF00BF4992 /* main.m */; };
		F84FE0931AF3BB1A00BF4992 /* game.cpp in Sources */ = {isa = PBXBuildFile; fileRef = F84FE0811AF3BB1A00BF4992 /* game.cpp */; };
		F84FE0961AF3BB1A00BF4992 /* rulebook.cpp in Sources */ = {isa = PBXBuildFile; fileRef = F84FE08C1AF3BB1A00BF4992 /* rulebook.cpp */; };
		F858FAD41AFF5A16004D7058 /* names.cpp in Sources */ = {isa = PBXBuildFile; fileRef = F858FAD21AFF5A16004D7058 /* names.cpp */; };
		F880CA051B89BEC600144257 /* help_screens.cpp in Sources */ = {isa = PBXBuildFile; fileRef = F880CA031B89BEC600144257 /* help_screens.cpp */; };
		F880CA0B1B8A606300144257 /* questions.cpp in Sources */ = {isa = PBXBuildFile; fileRef = F880CA091B8A606300144257 /* questions.cpp */; };
		F886CDEF1B87014200915D2D /* player.cpp in Sources */ = {isa = PBXBuildFile; fileRef = F886CDEE1B87014200915D2D /* player.cpp */; };
		F8882E5B1B8CE4E6009166BB /* wildcard.cpp in Sources */ = {isa = PBXBuildFile; fileRef = F8882E591B8CE4E6009166BB /* wildcard.cpp */; };
		F88A4DF11B8C9D1D0033A040 /* setup_screen.cpp in Sources */ = {isa = PBXBuildFile; fileRef = F88A4DEF1B8C9D1D0033A040 /* setup_screen.cpp */; };
		F8A27DD31B887AA600A50614 /* role.cpp in Sources */ = {isa = PBXBuildFile; fileRef = F8A27DD21B887AA600A50614 /* role.cpp */; };
		F8BC030E234621A20009732C /* role_ref.cpp in Sources */ = {isa = PBXBuildFile; fileRef = F8BC030D234621A20009732C /* role_ref.cpp */; };
		F8C84C011AF7ED05007243BA /* Application.xib in Resources */ = {isa = PBXBuildFile; fileRef = F8C84C001AF7ED05007243BA /* Application.xib */; };
		F8C84C921AF4F80A00B40E54 /* InterfaceGlue.mm in Sources */ = {isa = PBXBuildFile; fileRef = F8C84C911AF4F80A00B40E54 /* InterfaceGlue.mm */; };
		F8D5DB351B84E43B00D032D6 /* game_screens.cpp in Sources */ = {isa = PBXBuildFile; fileRef = F8D5DB331B84E43B00D032D6 /* game_screens.cpp */; };
		F8D646E71B85F36200E72222 /* game_log.cpp in Sources */ = {isa = PBXBuildFile; fileRef = F8D646E51B85F36200E72222 /* game_log.cpp */; };
		F8D772D71AF4B42100E16BB6 /* console.cpp in Sources */ = {isa = PBXBuildFile; fileRef = F8D772D51AF4B42100E16BB6 /* console.cpp */; };
/* End PBXBuildFile section */

/* Begin PBXFileReference section */
		0400AC87262D763800FE59AB /* screen.hpp */ = {isa = PBXFileReference; lastKnownFileType = sourcecode.cpp.h; path = screen.hpp; sourceTree = "<group>"; };
		0400AC88262D770800FE59AB /* screen.cpp */ = {isa = PBXFileReference; lastKnownFileType = sourcecode.cpp.cpp; path = screen.cpp; sourceTree = "<group>"; };
		04694F52263C218900EE9065 /* preprocess.cpp */ = {isa = PBXFileReference; fileEncoding = 4; lastKnownFileType = sourcecode.cpp.cpp; path = preprocess.cpp; sourceTree = "<group>"; };
		04E5B9FC2642D95C00BAE42D /* Assets.xcassets */ = {isa = PBXFileReference; lastKnownFileType = folder.assetcatalog; path = Assets.xcassets; sourceTree = "<group>"; };
		04F384A8263BE66D002FBFF2 /* format.cpp */ = {isa = PBXFileReference; fileEncoding = 4; lastKnownFileType = sourcecode.cpp.cpp; path = format.cpp; sourceTree = "<group>"; };
		F809EE2C1FC1975B003348BC /* command.hpp */ = {isa = PBXFileReference; fileEncoding = 4; lastKnownFileType = sourcecode.cpp.h; path = command.hpp; sourceTree = "<group>"; };
		F810404B1D49D9F9004E31CF /* time.hpp */ = {isa = PBXFileReference; fileEncoding = 4; lastKnownFileType = sourcecode.cpp.h; path = time.hpp; sourceTree = "<group>"; };
		F84FE05C1AF3B9DF00BF4992 /* Mafia.app */ = {isa = PBXFileReference; explicitFileType = wrapper.application; includeInIndex = 0; path = Mafia.app; sourceTree = BUILT_PRODUCTS_DIR; };
		F84FE0601AF3B9DF00BF4992 /* Info.plist */ = {isa = PBXFileReference; lastKnownFileType = text.plist.xml; path = Info.plist; sourceTree = "<group>"; };
		F84FE0611AF3B9DF00BF4992 /* AppDelegate.h */ = {isa = PBXFileReference; lastKnownFileType = sourcecode.c.h; path = AppDelegate.h; sourceTree = "<group>"; };
		F84FE0621AF3B9DF00BF4992 /* AppDelegate.m */ = {isa = PBXFileReference; lastKnownFileType = sourcecode.c.objc; path = AppDelegate.m; sourceTree = "<group>"; };
		F84FE0641AF3B9DF00BF4992 /* main.m */ = {isa = PBXFileReference; lastKnownFileType = sourcecode.c.objc; path = main.m; sourceTree = "<group>"; };
		F84FE0811AF3BB1A00BF4992 /* game.cpp */ = {isa = PBXFileReference; fileEncoding = 4; lastKnownFileType = sourcecode.cpp.cpp; path = game.cpp; sourceTree = "<group>"; };
		F84FE0821AF3BB1A00BF4992 /* game.hpp */ = {isa = PBXFileReference; fileEncoding = 4; lastKnownFileType = sourcecode.cpp.h; path = game.hpp; sourceTree = "<group>"; };
		F84FE0851AF3BB1A00BF4992 /* core.hpp */ = {isa = PBXFileReference; fileEncoding = 4; lastKnownFileType = sourcecode.cpp.h; path = core.hpp; sourceTree = "<group>"; };
		F84FE0891AF3BB1A00BF4992 /* player.hpp */ = {isa = PBXFileReference; fileEncoding = 4; lastKnownFileType = sourcecode.cpp.h; path = player.hpp; sourceTree = "<group>"; };
		F84FE08A1AF3BB1A00BF4992 /* role.hpp */ = {isa = PBXFileReference; fileEncoding = 4; lastKnownFileType = sourcecode.cpp.h; path = role.hpp; sourceTree = "<group>"; };
		F84FE08C1AF3BB1A00BF4992 /* rulebook.cpp */ = {isa = PBXFileReference; fileEncoding = 4; lastKnownFileType = sourcecode.cpp.cpp; path = rulebook.cpp; sourceTree = "<group>"; };
		F84FE08D1AF3BB1A00BF4992 /* rulebook.hpp */ = {isa = PBXFileReference; fileEncoding = 4; lastKnownFileType = sourcecode.cpp.h; path = rulebook.hpp; sourceTree = "<group>"; };
		F857A1771B9AECE500BF7C83 /* MafiaPlaylist.h */ = {isa = PBXFileReference; lastKnownFileType = sourcecode.c.h; path = MafiaPlaylist.h; sourceTree = "<group>"; };
		F858FAD21AFF5A16004D7058 /* names.cpp */ = {isa = PBXFileReference; fileEncoding = 4; lastKnownFileType = sourcecode.cpp.cpp; path = names.cpp; sourceTree = "<group>"; };
		F858FAD31AFF5A16004D7058 /* names.hpp */ = {isa = PBXFileReference; fileEncoding = 4; lastKnownFileType = sourcecode.cpp.h; path = names.hpp; sourceTree = "<group>"; };
		F880CA031B89BEC600144257 /* help_screens.cpp */ = {isa = PBXFileReference; fileEncoding = 4; lastKnownFileType = sourcecode.cpp.cpp; path = help_screens.cpp; sourceTree = "<group>"; };
		F880CA041B89BEC600144257 /* help_screens.hpp */ = {isa = PBXFileReference; fileEncoding = 4; lastKnownFileType = sourcecode.cpp.h; path = help_screens.hpp; sourceTree = "<group>"; };
		F880CA091B8A606300144257 /* questions.cpp */ = {isa = PBXFileReference; fileEncoding = 4; lastKnownFileType = sourcecode.cpp.cpp; path = questions.cpp; sourceTree = "<group>"; };
		F880CA0A1B8A606300144257 /* questions.hpp */ = {isa = PBXFileReference; fileEncoding = 4; lastKnownFileType = sourcecode.cpp.h; path = questions.hpp; sourceTree = "<group>"; };
		F886CDEE1B87014200915D2D /* player.cpp */ = {isa = PBXFileReference; fileEncoding = 4; lastKnownFileType = sourcecode.cpp.cpp; path = player.cpp; sourceTree = "<group>"; };
		F8882E591B8CE4E6009166BB /* wildcard.cpp */ = {isa = PBXFileReference; fileEncoding = 4; lastKnownFileType = sourcecode.cpp.cpp; path = wildcard.cpp; sourceTree = "<group>"; };
		F8882E5A1B8CE4E6009166BB /* wildcard.hpp */ = {isa = PBXFileReference; fileEncoding = 4; lastKnownFileType = sourcecode.cpp.h; path = wildcard.hpp; sourceTree = "<group>"; };
		F88A4DEF1B8C9D1D0033A040 /* setup_screen.cpp */ = {isa = PBXFileReference; fileEncoding = 4; lastKnownFileType = sourcecode.cpp.cpp; path = setup_screen.cpp; sourceTree = "<group>"; };
		F88A4DF01B8C9D1D0033A040 /* setup_screen.hpp */ = {isa = PBXFileReference; fileEncoding = 4; lastKnownFileType = sourcecode.cpp.h; path = setup_screen.hpp; sourceTree = "<group>"; };
		F8A27DD21B887AA600A50614 /* role.cpp */ = {isa = PBXFileReference; fileEncoding = 4; lastKnownFileType = sourcecode.cpp.cpp; path = role.cpp; sourceTree = "<group>"; };
		F8BC030C234621990009732C /* role_ref.hpp */ = {isa = PBXFileReference; lastKnownFileType = sourcecode.cpp.h; path = role_ref.hpp; sourceTree = "<group>"; };
		F8BC030D234621A20009732C /* role_ref.cpp */ = {isa = PBXFileReference; fileEncoding = 4; lastKnownFileType = sourcecode.cpp.cpp; path = role_ref.cpp; sourceTree = "<group>"; };
		F8C84C001AF7ED05007243BA /* Application.xib */ = {isa = PBXFileReference; fileEncoding = 4; lastKnownFileType = file.xib; path = Application.xib; sourceTree = "<group>"; };
		F8C84C901AF4F80A00B40E54 /* InterfaceGlue.h */ = {isa = PBXFileReference; fileEncoding = 4; lastKnownFileType = sourcecode.c.h; path = InterfaceGlue.h; sourceTree = "<group>"; };
		F8C84C911AF4F80A00B40E54 /* InterfaceGlue.mm */ = {isa = PBXFileReference; fileEncoding = 4; lastKnownFileType = sourcecode.cpp.objcpp; path = InterfaceGlue.mm; sourceTree = "<group>"; };
		F8D3F4AE1B859D39007D134B /* format.hpp */ = {isa = PBXFileReference; fileEncoding = 4; lastKnownFileType = sourcecode.cpp.h; path = format.hpp; sourceTree = "<group>"; };
		F8D5DB331B84E43B00D032D6 /* game_screens.cpp */ = {isa = PBXFileReference; fileEncoding = 4; lastKnownFileType = sourcecode.cpp.cpp; path = game_screens.cpp; sourceTree = "<group>"; };
		F8D5DB341B84E43B00D032D6 /* game_screens.hpp */ = {isa = PBXFileReference; fileEncoding = 4; lastKnownFileType = sourcecode.cpp.h; path = game_screens.hpp; sourceTree = "<group>"; };
		F8D646E51B85F36200E72222 /* game_log.cpp */ = {isa = PBXFileReference; fileEncoding = 4; lastKnownFileType = sourcecode.cpp.cpp; path = game_log.cpp; sourceTree = "<group>"; };
		F8D646E61B85F36200E72222 /* game_log.hpp */ = {isa = PBXFileReference; fileEncoding = 4; lastKnownFileType = sourcecode.cpp.h; path = game_log.hpp; sourceTree = "<group>"; };
		F8D646E81B85F4F800E72222 /* iTunes.h */ = {isa = PBXFileReference; lastKnownFileType = sourcecode.c.h; path = iTunes.h; sourceTree = "<group>"; };
		F8D772D51AF4B42100E16BB6 /* console.cpp */ = {isa = PBXFileReference; fileEncoding = 4; lastKnownFileType = sourcecode.cpp.cpp; path = console.cpp; sourceTree = "<group>"; };
		F8D772D61AF4B42100E16BB6 /* console.hpp */ = {isa = PBXFileReference; fileEncoding = 4; lastKnownFileType = sourcecode.cpp.h; path = console.hpp; sourceTree = "<group>"; };
/* End PBXFileReference section */

/* Begin PBXFrameworksBuildPhase section */
		F84FE0591AF3B9DF00BF4992 /* Frameworks */ = {
			isa = PBXFrameworksBuildPhase;
			buildActionMask = 2147483647;
			files = (
			);
			runOnlyForDeploymentPostprocessing = 0;
		};
/* End PBXFrameworksBuildPhase section */

/* Begin PBXGroup section */
		04F384A7263BE66D002FBFF2 /* text */ = {
			isa = PBXGroup;
			children = (
				04694F52263C218900EE9065 /* preprocess.cpp */,
				04F384A8263BE66D002FBFF2 /* format.cpp */,
			);
			path = text;
			sourceTree = "<group>";
		};
		F84FE0531AF3B9DF00BF4992 = {
			isa = PBXGroup;
			children = (
				F84FE0801AF3BB1A00BF4992 /* core */,
				F84FE07F1AF3BB1A00BF4992 /* interface */,
				F84FE05E1AF3B9DF00BF4992 /* mac */,
				F84FE05D1AF3B9DF00BF4992 /* Products */,
			);
			sourceTree = "<group>";
		};
		F84FE05D1AF3B9DF00BF4992 /* Products */ = {
			isa = PBXGroup;
			children = (
				F84FE05C1AF3B9DF00BF4992 /* Mafia.app */,
			);
			name = Products;
			sourceTree = "<group>";
		};
		F84FE05E1AF3B9DF00BF4992 /* mac */ = {
			isa = PBXGroup;
			children = (
				F84FE0611AF3B9DF00BF4992 /* AppDelegate.h */,
				F84FE0621AF3B9DF00BF4992 /* AppDelegate.m */,
				F8D646E81B85F4F800E72222 /* iTunes.h */,
				F857A1771B9AECE500BF7C83 /* MafiaPlaylist.h */,
				F8C84C901AF4F80A00B40E54 /* InterfaceGlue.h */,
				F8C84C911AF4F80A00B40E54 /* InterfaceGlue.mm */,
				F8C84C001AF7ED05007243BA /* Application.xib */,
				04E5B9FC2642D95C00BAE42D /* Assets.xcassets */,
				F84FE05F1AF3B9DF00BF4992 /* Supporting Files */,
			);
			name = mac;
			path = Mafia;
			sourceTree = "<group>";
		};
		F84FE05F1AF3B9DF00BF4992 /* Supporting Files */ = {
			isa = PBXGroup;
			children = (
				F84FE0601AF3B9DF00BF4992 /* Info.plist */,
				F84FE0641AF3B9DF00BF4992 /* main.m */,
			);
			name = "Supporting Files";
			sourceTree = "<group>";
		};
		F84FE07F1AF3BB1A00BF4992 /* interface */ = {
			isa = PBXGroup;
			children = (
				F809EE2C1FC1975B003348BC /* command.hpp */,
				F8D772D61AF4B42100E16BB6 /* console.hpp */,
				F8D772D51AF4B42100E16BB6 /* console.cpp */,
				F8D3F4AE1B859D39007D134B /* format.hpp */,
				04F384A7263BE66D002FBFF2 /* text */,
				F8D646E61B85F36200E72222 /* game_log.hpp */,
				F8D646E51B85F36200E72222 /* game_log.cpp */,
				F8D5DB341B84E43B00D032D6 /* game_screens.hpp */,
				F8D5DB331B84E43B00D032D6 /* game_screens.cpp */,
				F880CA041B89BEC600144257 /* help_screens.hpp */,
				F880CA031B89BEC600144257 /* help_screens.cpp */,
				F858FAD31AFF5A16004D7058 /* names.hpp */,
				F858FAD21AFF5A16004D7058 /* names.cpp */,
				F880CA0A1B8A606300144257 /* questions.hpp */,
				F880CA091B8A606300144257 /* questions.cpp */,
				F88A4DF01B8C9D1D0033A040 /* setup_screen.hpp */,
				F88A4DEF1B8C9D1D0033A040 /* setup_screen.cpp */,
				0400AC87262D763800FE59AB /* screen.hpp */,
				0400AC88262D770800FE59AB /* screen.cpp */,
			);
			name = interface;
			path = ../interface;
			sourceTree = "<group>";
		};
		F84FE0801AF3BB1A00BF4992 /* core */ = {
			isa = PBXGroup;
			children = (
				F84FE0851AF3BB1A00BF4992 /* core.hpp */,
				F84FE0821AF3BB1A00BF4992 /* game.hpp */,
				F84FE0811AF3BB1A00BF4992 /* game.cpp */,
				F84FE0891AF3BB1A00BF4992 /* player.hpp */,
				F886CDEE1B87014200915D2D /* player.cpp */,
				F84FE08A1AF3BB1A00BF4992 /* role.hpp */,
				F8A27DD21B887AA600A50614 /* role.cpp */,
				F8BC030C234621990009732C /* role_ref.hpp */,
				F8BC030D234621A20009732C /* role_ref.cpp */,
				F84FE08D1AF3BB1A00BF4992 /* rulebook.hpp */,
				F84FE08C1AF3BB1A00BF4992 /* rulebook.cpp */,
				F810404B1D49D9F9004E31CF /* time.hpp */,
				F8882E5A1B8CE4E6009166BB /* wildcard.hpp */,
				F8882E591B8CE4E6009166BB /* wildcard.cpp */,
			);
			name = core;
			path = ../core;
			sourceTree = "<group>";
		};
/* End PBXGroup section */

/* Begin PBXNativeTarget section */
		F84FE05B1AF3B9DF00BF4992 /* Mafia */ = {
			isa = PBXNativeTarget;
			buildConfigurationList = F84FE0791AF3B9E000BF4992 /* Build configuration list for PBXNativeTarget "Mafia" */;
			buildPhases = (
				F84FE0581AF3B9DF00BF4992 /* Sources */,
				F84FE0591AF3B9DF00BF4992 /* Frameworks */,
				F84FE05A1AF3B9DF00BF4992 /* Resources */,
			);
			buildRules = (
			);
			dependencies = (
			);
			name = Mafia;
			productName = Mafia;
			productReference = F84FE05C1AF3B9DF00BF4992 /* Mafia.app */;
			productType = "com.apple.product-type.application";
		};
/* End PBXNativeTarget section */

/* Begin PBXProject section */
		F84FE0541AF3B9DF00BF4992 /* Project object */ = {
			isa = PBXProject;
			attributes = {
				LastUpgradeCheck = 1250;
				ORGANIZATIONNAME = "Ponderous Programs";
				TargetAttributes = {
					F84FE05B1AF3B9DF00BF4992 = {
						CreatedOnToolsVersion = 6.3.1;
					};
				};
			};
			buildConfigurationList = F84FE0571AF3B9DF00BF4992 /* Build configuration list for PBXProject "Mafia" */;
			compatibilityVersion = "Xcode 3.2";
			developmentRegion = en;
			hasScannedForEncodings = 0;
			knownRegions = (
				en,
				Base,
			);
			mainGroup = F84FE0531AF3B9DF00BF4992;
			productRefGroup = F84FE05D1AF3B9DF00BF4992 /* Products */;
			projectDirPath = "";
			projectRoot = "";
			targets = (
				F84FE05B1AF3B9DF00BF4992 /* Mafia */,
			);
		};
/* End PBXProject section */

/* Begin PBXResourcesBuildPhase section */
		F84FE05A1AF3B9DF00BF4992 /* Resources */ = {
			isa = PBXResourcesBuildPhase;
			buildActionMask = 2147483647;
			files = (
				04E5B9FD2642D95C00BAE42D /* Assets.xcassets in Resources */,
				F8C84C011AF7ED05007243BA /* Application.xib in Resources */,
			);
			runOnlyForDeploymentPostprocessing = 0;
		};
/* End PBXResourcesBuildPhase section */

/* Begin PBXSourcesBuildPhase section */
		F84FE0581AF3B9DF00BF4992 /* Sources */ = {
			isa = PBXSourcesBuildPhase;
			buildActionMask = 2147483647;
			files = (
				F8A27DD31B887AA600A50614 /* role.cpp in Sources */,
				F8882E5B1B8CE4E6009166BB /* wildcard.cpp in Sources */,
				F84FE0961AF3BB1A00BF4992 /* rulebook.cpp in Sources */,
				F886CDEF1B87014200915D2D /* player.cpp in Sources */,
				04694F53263C218900EE9065 /* preprocess.cpp in Sources */,
				04F384A9263BE66D002FBFF2 /* format.cpp in Sources */,
				F84FE0931AF3BB1A00BF4992 /* game.cpp in Sources */,
				F8BC030E234621A20009732C /* role_ref.cpp in Sources */,
				F858FAD41AFF5A16004D7058 /* names.cpp in Sources */,
				0400AC8A262D7B9200FE59AB /* screen.cpp in Sources */,
				F88A4DF11B8C9D1D0033A040 /* setup_screen.cpp in Sources */,
				F880CA051B89BEC600144257 /* help_screens.cpp in Sources */,
				F880CA0B1B8A606300144257 /* questions.cpp in Sources */,
				F8D5DB351B84E43B00D032D6 /* game_screens.cpp in Sources */,
				F8D646E71B85F36200E72222 /* game_log.cpp in Sources */,
				F8D772D71AF4B42100E16BB6 /* console.cpp in Sources */,
				F84FE0631AF3B9DF00BF4992 /* AppDelegate.m in Sources */,
				F8C84C921AF4F80A00B40E54 /* InterfaceGlue.mm in Sources */,
				F84FE0651AF3B9DF00BF4992 /* main.m in Sources */,
			);
			runOnlyForDeploymentPostprocessing = 0;
		};
/* End PBXSourcesBuildPhase section */

/* Begin XCBuildConfiguration section */
		F84FE0771AF3B9E000BF4992 /* Debug */ = {
			isa = XCBuildConfiguration;
			buildSettings = {
				CLANG_ANALYZER_LOCALIZABILITY_NONLOCALIZED = YES;
				CLANG_CXX_LANGUAGE_STANDARD = "c++20";
				CLANG_ENABLE_MODULES = YES;
				CLANG_ENABLE_OBJC_ARC = YES;
				CLANG_WARN_BLOCK_CAPTURE_AUTORELEASING = YES;
				CLANG_WARN_BOOL_CONVERSION = YES;
				CLANG_WARN_COMMA = YES;
				CLANG_WARN_CONSTANT_CONVERSION = YES;
				CLANG_WARN_DEPRECATED_OBJC_IMPLEMENTATIONS = YES;
				CLANG_WARN_DIRECT_OBJC_ISA_USAGE = YES_ERROR;
				CLANG_WARN_EMPTY_BODY = YES;
				CLANG_WARN_ENUM_CONVERSION = YES;
				CLANG_WARN_INFINITE_RECURSION = YES;
				CLANG_WARN_INT_CONVERSION = YES;
				CLANG_WARN_NON_LITERAL_NULL_CONVERSION = YES;
				CLANG_WARN_OBJC_IMPLICIT_RETAIN_SELF = YES;
				CLANG_WARN_OBJC_INTERFACE_IVARS = YES;
				CLANG_WARN_OBJC_ROOT_CLASS = YES_ERROR;
				CLANG_WARN_QUOTED_INCLUDE_IN_FRAMEWORK_HEADER = YES;
				CLANG_WARN_STRICT_PROTOTYPES = YES;
				CLANG_WARN_SUSPICIOUS_IMPLICIT_CONVERSION = YES;
				CLANG_WARN_SUSPICIOUS_MOVE = YES;
				CLANG_WARN_UNREACHABLE_CODE = YES;
				CLANG_WARN__DUPLICATE_METHOD_MATCH = YES;
				ENABLE_STRICT_OBJC_MSGSEND = YES;
				GCC_NO_COMMON_BLOCKS = YES;
				GCC_PREPROCESSOR_DEFINITIONS = (
					"APPLICATION_ROOT_DIR=\"\\\"$PROJECT_DIR/..\\\"\"",
					"DEBUG=1",
				);
				GCC_WARN_64_TO_32_BIT_CONVERSION = YES;
				GCC_WARN_ABOUT_RETURN_TYPE = YES_ERROR;
				GCC_WARN_HIDDEN_VIRTUAL_FUNCTIONS = YES;
				GCC_WARN_NON_VIRTUAL_DESTRUCTOR = YES;
				GCC_WARN_UNDECLARED_SELECTOR = YES;
				GCC_WARN_UNINITIALIZED_AUTOS = YES_AGGRESSIVE;
				GCC_WARN_UNUSED_FUNCTION = YES;
				GCC_WARN_UNUSED_VARIABLE = YES;
				HEADER_SEARCH_PATHS = ../include;
				ONLY_ACTIVE_ARCH = YES;
			};
			name = Debug;
		};
		F84FE0781AF3B9E000BF4992 /* Release */ = {
			isa = XCBuildConfiguration;
			buildSettings = {
				CLANG_ANALYZER_LOCALIZABILITY_NONLOCALIZED = YES;
				CLANG_CXX_LANGUAGE_STANDARD = "c++20";
				CLANG_ENABLE_MODULES = YES;
				CLANG_ENABLE_OBJC_ARC = YES;
				CLANG_WARN_BLOCK_CAPTURE_AUTORELEASING = YES;
				CLANG_WARN_BOOL_CONVERSION = YES;
				CLANG_WARN_COMMA = YES;
				CLANG_WARN_CONSTANT_CONVERSION = YES;
				CLANG_WARN_DEPRECATED_OBJC_IMPLEMENTATIONS = YES;
				CLANG_WARN_DIRECT_OBJC_ISA_USAGE = YES_ERROR;
				CLANG_WARN_EMPTY_BODY = YES;
				CLANG_WARN_ENUM_CONVERSION = YES;
				CLANG_WARN_INFINITE_RECURSION = YES;
				CLANG_WARN_INT_CONVERSION = YES;
				CLANG_WARN_NON_LITERAL_NULL_CONVERSION = YES;
				CLANG_WARN_OBJC_IMPLICIT_RETAIN_SELF = YES;
				CLANG_WARN_OBJC_INTERFACE_IVARS = YES;
				CLANG_WARN_OBJC_ROOT_CLASS = YES_ERROR;
				CLANG_WARN_QUOTED_INCLUDE_IN_FRAMEWORK_HEADER = YES;
				CLANG_WARN_STRICT_PROTOTYPES = YES;
				CLANG_WARN_SUSPICIOUS_IMPLICIT_CONVERSION = YES;
				CLANG_WARN_SUSPICIOUS_MOVE = YES;
				CLANG_WARN_UNREACHABLE_CODE = YES;
				CLANG_WARN__DUPLICATE_METHOD_MATCH = YES;
				ENABLE_NS_ASSERTIONS = NO;
				ENABLE_STRICT_OBJC_MSGSEND = YES;
				GCC_NO_COMMON_BLOCKS = YES;
				GCC_PREPROCESSOR_DEFINITIONS = "APPLICATION_ROOT_DIR=\"\\\"$PROJECT_DIR/..\\\"\"";
				GCC_WARN_64_TO_32_BIT_CONVERSION = YES;
				GCC_WARN_ABOUT_RETURN_TYPE = YES_ERROR;
				GCC_WARN_HIDDEN_VIRTUAL_FUNCTIONS = YES;
				GCC_WARN_NON_VIRTUAL_DESTRUCTOR = YES;
				GCC_WARN_UNDECLARED_SELECTOR = YES;
				GCC_WARN_UNINITIALIZED_AUTOS = YES_AGGRESSIVE;
				GCC_WARN_UNUSED_FUNCTION = YES;
				GCC_WARN_UNUSED_VARIABLE = YES;
				HEADER_SEARCH_PATHS = ../include;
			};
			name = Release;
		};
		F84FE07A1AF3B9E000BF4992 /* Debug */ = {
			isa = XCBuildConfiguration;
			buildSettings = {
				ASSETCATALOG_COMPILER_APPICON_NAME = "App Icon";
				ASSETCATALOG_COMPILER_INCLUDE_ALL_APPICON_ASSETS = YES;
				CODE_SIGN_IDENTITY = "-";
				INFOPLIST_FILE = Mafia/Info.plist;
				PRODUCT_BUNDLE_IDENTIFIER = "com.jackcopsey.$(PRODUCT_NAME:rfc1034identifier)";
				PRODUCT_NAME = "$(TARGET_NAME)";
			};
			name = Debug;
		};
		F84FE07B1AF3B9E000BF4992 /* Release */ = {
			isa = XCBuildConfiguration;
			buildSettings = {
				ASSETCATALOG_COMPILER_APPICON_NAME = "App Icon";
				ASSETCATALOG_COMPILER_INCLUDE_ALL_APPICON_ASSETS = YES;
				CODE_SIGN_IDENTITY = "-";
				INFOPLIST_FILE = Mafia/Info.plist;
				PRODUCT_BUNDLE_IDENTIFIER = "com.jackcopsey.$(PRODUCT_NAME:rfc1034identifier)";
				PRODUCT_NAME = "$(TARGET_NAME)";
			};
			name = Release;
		};
/* End XCBuildConfiguration section */

/* Begin XCConfigurationList section */
		F84FE0571AF3B9DF00BF4992 /* Build configuration list for PBXProject "Mafia" */ = {
			isa = XCConfigurationList;
			buildConfigurations = (
				F84FE0771AF3B9E000BF4992 /* Debug */,
				F84FE0781AF3B9E000BF4992 /* Release */,
			);
			defaultConfigurationIsVisible = 0;
			defaultConfigurationName = Release;
		};
		F84FE0791AF3B9E000BF4992 /* Build configuration list for PBXNativeTarget "Mafia" */ = {
			isa = XCConfigurationList;
			buildConfigurations = (
				F84FE07A1AF3B9E000BF4992 /* Debug */,
				F84FE07B1AF3B9E000BF4992 /* Release */,
			);
			defaultConfigurationIsVisible = 0;
			defaultConfigurationName = Release;
		};
/* End XCConfigurationList section */
	};
	rootObject = F84FE0541AF3B9DF00BF4992 /* Project object */;
}
